// !$*UTF8*$!
{
	archiveVersion = 1;
	classes = {
	};
	objectVersion = 46;
	objects = {

/* Begin PBXBuildFile section */
		2D4A81B51AF3030E0079A54F /* DisplayMapViewController.m in Sources */ = {isa = PBXBuildFile; fileRef = 2D4A81A91AF3030E0079A54F /* DisplayMapViewController.m */; };
		2D4A81B61AF3030E0079A54F /* AnnotationSettingViewController.m in Sources */ = {isa = PBXBuildFile; fileRef = 2D4A81AB1AF3030E0079A54F /* AnnotationSettingViewController.m */; };
		2D4A81B71AF3030E0079A54F /* CrumbPath.m in Sources */ = {isa = PBXBuildFile; fileRef = 2D4A81AD1AF3030E0079A54F /* CrumbPath.m */; };
		2D4A81B81AF3030E0079A54F /* CrumbPathRenderer.m in Sources */ = {isa = PBXBuildFile; fileRef = 2D4A81AF1AF3030E0079A54F /* CrumbPathRenderer.m */; };
		2D4A81B91AF3030E0079A54F /* ImageScrollViewController.m in Sources */ = {isa = PBXBuildFile; fileRef = 2D4A81B11AF3030E0079A54F /* ImageScrollViewController.m */; };
		2D4A81BD1AF303E70079A54F /* KeyPoint+Annotation.m in Sources */ = {isa = PBXBuildFile; fileRef = 2D4A81BB1AF303E70079A54F /* KeyPoint+Annotation.m */; };
		2D4A81BF1AF30B730079A54F /* MapKit.framework in Frameworks */ = {isa = PBXBuildFile; fileRef = 2D4A81BE1AF30B730079A54F /* MapKit.framework */; };
		2D4A81C11AF30B7B0079A54F /* CoreLocation.framework in Frameworks */ = {isa = PBXBuildFile; fileRef = 2D4A81C01AF30B7B0079A54F /* CoreLocation.framework */; };
		2D4A81C41AF30CCF0079A54F /* RouteViewController.m in Sources */ = {isa = PBXBuildFile; fileRef = 2D4A81C31AF30CCF0079A54F /* RouteViewController.m */; };
		2D6C52081AF2CC1F002D9BBD /* main.m in Sources */ = {isa = PBXBuildFile; fileRef = 2D6C52071AF2CC1F002D9BBD /* main.m */; };
		2D6C520B1AF2CC1F002D9BBD /* AppDelegate.m in Sources */ = {isa = PBXBuildFile; fileRef = 2D6C520A1AF2CC1F002D9BBD /* AppDelegate.m */; };
		2D6C520E1AF2CC1F002D9BBD /* ViewController.m in Sources */ = {isa = PBXBuildFile; fileRef = 2D6C520D1AF2CC1F002D9BBD /* ViewController.m */; };
		2D6C52111AF2CC1F002D9BBD /* Main.storyboard in Resources */ = {isa = PBXBuildFile; fileRef = 2D6C520F1AF2CC1F002D9BBD /* Main.storyboard */; };
		2D6C52161AF2CC1F002D9BBD /* LaunchScreen.xib in Resources */ = {isa = PBXBuildFile; fileRef = 2D6C52141AF2CC1F002D9BBD /* LaunchScreen.xib */; };
		2D6C52221AF2CC1F002D9BBD /* WaymoreTests.m in Sources */ = {isa = PBXBuildFile; fileRef = 2D6C52211AF2CC1F002D9BBD /* WaymoreTests.m */; };
		6437C9011AF95EA900F910D9 /* MainUITBC.m in Sources */ = {isa = PBXBuildFile; fileRef = 6437C9001AF95EA900F910D9 /* MainUITBC.m */; };
		6437C9021AF95EA900F910D9 /* MainUITBC.m in Sources */ = {isa = PBXBuildFile; fileRef = 6437C9001AF95EA900F910D9 /* MainUITBC.m */; };
		6437C9051AF9668B00F910D9 /* Images.xcassets in Resources */ = {isa = PBXBuildFile; fileRef = 6437C9041AF9668B00F910D9 /* Images.xcassets */; };
		6437C9061AF9668B00F910D9 /* Images.xcassets in Resources */ = {isa = PBXBuildFile; fileRef = 6437C9041AF9668B00F910D9 /* Images.xcassets */; };
		9E45278F1AF2D01600723934 /* KeyPoint.m in Sources */ = {isa = PBXBuildFile; fileRef = 9E45278E1AF2D01600723934 /* KeyPoint.m */; };
		9E4527921AF2D01700723934 /* WaymoreUser.m in Sources */ = {isa = PBXBuildFile; fileRef = 9E4527911AF2D01700723934 /* WaymoreUser.m */; };
		9E4527951AF2D01700723934 /* Comment.m in Sources */ = {isa = PBXBuildFile; fileRef = 9E4527941AF2D01700723934 /* Comment.m */; };
		9E4527981AF2D01700723934 /* MapPoint.m in Sources */ = {isa = PBXBuildFile; fileRef = 9E4527971AF2D01700723934 /* MapPoint.m */; };
		9E45279B1AF2D01700723934 /* Route.m in Sources */ = {isa = PBXBuildFile; fileRef = 9E45279A1AF2D01700723934 /* Route.m */; };
		9E45279F1AF2D11800723934 /* DataAccessManager.m in Sources */ = {isa = PBXBuildFile; fileRef = 9E45279E1AF2D11800723934 /* DataAccessManager.m */; };
		9E4527A21AF2D1DE00723934 /* SnippetFilter.m in Sources */ = {isa = PBXBuildFile; fileRef = 9E4527A11AF2D1DE00723934 /* SnippetFilter.m */; };
		9E4527A51AF2D28700723934 /* Snippet.m in Sources */ = {isa = PBXBuildFile; fileRef = 9E4527A41AF2D28700723934 /* Snippet.m */; };
/* End PBXBuildFile section */

/* Begin PBXContainerItemProxy section */
		2D6C521C1AF2CC1F002D9BBD /* PBXContainerItemProxy */ = {
			isa = PBXContainerItemProxy;
			containerPortal = 2D6C51FA1AF2CC1F002D9BBD /* Project object */;
			proxyType = 1;
			remoteGlobalIDString = 2D6C52011AF2CC1F002D9BBD;
			remoteInfo = Waymore;
		};
/* End PBXContainerItemProxy section */

/* Begin PBXFileReference section */
		2D4A81A91AF3030E0079A54F /* DisplayMapViewController.m */ = {isa = PBXFileReference; fileEncoding = 4; lastKnownFileType = sourcecode.c.objc; path = DisplayMapViewController.m; sourceTree = "<group>"; };
		2D4A81AA1AF3030E0079A54F /* DisplayMapViewController.h */ = {isa = PBXFileReference; fileEncoding = 4; lastKnownFileType = sourcecode.c.h; path = DisplayMapViewController.h; sourceTree = "<group>"; };
		2D4A81AB1AF3030E0079A54F /* AnnotationSettingViewController.m */ = {isa = PBXFileReference; fileEncoding = 4; lastKnownFileType = sourcecode.c.objc; path = AnnotationSettingViewController.m; sourceTree = "<group>"; };
		2D4A81AC1AF3030E0079A54F /* CrumbPath.h */ = {isa = PBXFileReference; fileEncoding = 4; lastKnownFileType = sourcecode.c.h; path = CrumbPath.h; sourceTree = "<group>"; };
		2D4A81AD1AF3030E0079A54F /* CrumbPath.m */ = {isa = PBXFileReference; fileEncoding = 4; lastKnownFileType = sourcecode.c.objc; path = CrumbPath.m; sourceTree = "<group>"; };
		2D4A81AE1AF3030E0079A54F /* CrumbPathRenderer.h */ = {isa = PBXFileReference; fileEncoding = 4; lastKnownFileType = sourcecode.c.h; path = CrumbPathRenderer.h; sourceTree = "<group>"; };
		2D4A81AF1AF3030E0079A54F /* CrumbPathRenderer.m */ = {isa = PBXFileReference; fileEncoding = 4; lastKnownFileType = sourcecode.c.objc; path = CrumbPathRenderer.m; sourceTree = "<group>"; };
		2D4A81B01AF3030E0079A54F /* AnnotationSettingViewController.h */ = {isa = PBXFileReference; fileEncoding = 4; lastKnownFileType = sourcecode.c.h; path = AnnotationSettingViewController.h; sourceTree = "<group>"; };
		2D4A81B11AF3030E0079A54F /* ImageScrollViewController.m */ = {isa = PBXFileReference; fileEncoding = 4; lastKnownFileType = sourcecode.c.objc; path = ImageScrollViewController.m; sourceTree = "<group>"; };
		2D4A81B21AF3030E0079A54F /* ImageScrollViewController.h */ = {isa = PBXFileReference; fileEncoding = 4; lastKnownFileType = sourcecode.c.h; path = ImageScrollViewController.h; sourceTree = "<group>"; };
		2D4A81BB1AF303E70079A54F /* KeyPoint+Annotation.m */ = {isa = PBXFileReference; fileEncoding = 4; lastKnownFileType = sourcecode.c.objc; path = "KeyPoint+Annotation.m"; sourceTree = "<group>"; };
		2D4A81BC1AF303E70079A54F /* KeyPoint+Annotation.h */ = {isa = PBXFileReference; fileEncoding = 4; lastKnownFileType = sourcecode.c.h; path = "KeyPoint+Annotation.h"; sourceTree = "<group>"; };
		2D4A81BE1AF30B730079A54F /* MapKit.framework */ = {isa = PBXFileReference; lastKnownFileType = wrapper.framework; name = MapKit.framework; path = System/Library/Frameworks/MapKit.framework; sourceTree = SDKROOT; };
		2D4A81C01AF30B7B0079A54F /* CoreLocation.framework */ = {isa = PBXFileReference; lastKnownFileType = wrapper.framework; name = CoreLocation.framework; path = System/Library/Frameworks/CoreLocation.framework; sourceTree = SDKROOT; };
		2D4A81C21AF30CCF0079A54F /* RouteViewController.h */ = {isa = PBXFileReference; fileEncoding = 4; lastKnownFileType = sourcecode.c.h; path = RouteViewController.h; sourceTree = "<group>"; };
		2D4A81C31AF30CCF0079A54F /* RouteViewController.m */ = {isa = PBXFileReference; fileEncoding = 4; lastKnownFileType = sourcecode.c.objc; path = RouteViewController.m; sourceTree = "<group>"; };
		2D6C52021AF2CC1F002D9BBD /* Waymore.app */ = {isa = PBXFileReference; explicitFileType = wrapper.application; includeInIndex = 0; name = Waymore.app; path = Tracker.app; sourceTree = BUILT_PRODUCTS_DIR; };
		2D6C52061AF2CC1F002D9BBD /* Info.plist */ = {isa = PBXFileReference; lastKnownFileType = text.plist.xml; path = Info.plist; sourceTree = "<group>"; };
		2D6C52071AF2CC1F002D9BBD /* main.m */ = {isa = PBXFileReference; lastKnownFileType = sourcecode.c.objc; path = main.m; sourceTree = "<group>"; };
		2D6C52091AF2CC1F002D9BBD /* AppDelegate.h */ = {isa = PBXFileReference; lastKnownFileType = sourcecode.c.h; path = AppDelegate.h; sourceTree = "<group>"; };
		2D6C520A1AF2CC1F002D9BBD /* AppDelegate.m */ = {isa = PBXFileReference; lastKnownFileType = sourcecode.c.objc; path = AppDelegate.m; sourceTree = "<group>"; };
		2D6C520C1AF2CC1F002D9BBD /* ViewController.h */ = {isa = PBXFileReference; lastKnownFileType = sourcecode.c.h; path = ViewController.h; sourceTree = "<group>"; };
		2D6C520D1AF2CC1F002D9BBD /* ViewController.m */ = {isa = PBXFileReference; lastKnownFileType = sourcecode.c.objc; path = ViewController.m; sourceTree = "<group>"; };
		2D6C52101AF2CC1F002D9BBD /* Base */ = {isa = PBXFileReference; lastKnownFileType = file.storyboard; name = Base; path = Base.lproj/Main.storyboard; sourceTree = "<group>"; };
		2D6C52151AF2CC1F002D9BBD /* Base */ = {isa = PBXFileReference; lastKnownFileType = file.xib; name = Base; path = Base.lproj/LaunchScreen.xib; sourceTree = "<group>"; };
		2D6C521B1AF2CC1F002D9BBD /* TrackerTests.xctest */ = {isa = PBXFileReference; explicitFileType = wrapper.cfbundle; includeInIndex = 0; path = TrackerTests.xctest; sourceTree = BUILT_PRODUCTS_DIR; };
		2D6C52201AF2CC1F002D9BBD /* Info.plist */ = {isa = PBXFileReference; lastKnownFileType = text.plist.xml; path = Info.plist; sourceTree = "<group>"; };
		2D6C52211AF2CC1F002D9BBD /* WaymoreTests.m */ = {isa = PBXFileReference; lastKnownFileType = sourcecode.c.objc; path = WaymoreTests.m; sourceTree = "<group>"; };
		6437C8FF1AF95EA900F910D9 /* MainUITBC.h */ = {isa = PBXFileReference; fileEncoding = 4; lastKnownFileType = sourcecode.c.h; path = MainUITBC.h; sourceTree = "<group>"; };
		6437C9001AF95EA900F910D9 /* MainUITBC.m */ = {isa = PBXFileReference; fileEncoding = 4; lastKnownFileType = sourcecode.c.objc; path = MainUITBC.m; sourceTree = "<group>"; };
		6437C9041AF9668B00F910D9 /* Images.xcassets */ = {isa = PBXFileReference; lastKnownFileType = folder.assetcatalog; path = Images.xcassets; sourceTree = "<group>"; };
		9E45278D1AF2D01600723934 /* KeyPoint.h */ = {isa = PBXFileReference; fileEncoding = 4; lastKnownFileType = sourcecode.c.h; name = KeyPoint.h; path = ../KeyPoint.h; sourceTree = "<group>"; };
		9E45278E1AF2D01600723934 /* KeyPoint.m */ = {isa = PBXFileReference; fileEncoding = 4; lastKnownFileType = sourcecode.c.objc; name = KeyPoint.m; path = ../KeyPoint.m; sourceTree = "<group>"; };
		9E4527901AF2D01700723934 /* WaymoreUser.h */ = {isa = PBXFileReference; fileEncoding = 4; lastKnownFileType = sourcecode.c.h; path = WaymoreUser.h; sourceTree = SOURCE_ROOT; };
		9E4527911AF2D01700723934 /* WaymoreUser.m */ = {isa = PBXFileReference; fileEncoding = 4; lastKnownFileType = sourcecode.c.objc; path = WaymoreUser.m; sourceTree = SOURCE_ROOT; };
		9E4527931AF2D01700723934 /* Comment.h */ = {isa = PBXFileReference; fileEncoding = 4; lastKnownFileType = sourcecode.c.h; name = Comment.h; path = ../Comment.h; sourceTree = "<group>"; };
		9E4527941AF2D01700723934 /* Comment.m */ = {isa = PBXFileReference; fileEncoding = 4; lastKnownFileType = sourcecode.c.objc; name = Comment.m; path = ../Comment.m; sourceTree = "<group>"; };
		9E4527961AF2D01700723934 /* MapPoint.h */ = {isa = PBXFileReference; fileEncoding = 4; lastKnownFileType = sourcecode.c.h; name = MapPoint.h; path = ../MapPoint.h; sourceTree = "<group>"; };
		9E4527971AF2D01700723934 /* MapPoint.m */ = {isa = PBXFileReference; fileEncoding = 4; lastKnownFileType = sourcecode.c.objc; name = MapPoint.m; path = ../MapPoint.m; sourceTree = "<group>"; };
		9E4527991AF2D01700723934 /* Route.h */ = {isa = PBXFileReference; fileEncoding = 4; lastKnownFileType = sourcecode.c.h; name = Route.h; path = ../Route.h; sourceTree = "<group>"; };
		9E45279A1AF2D01700723934 /* Route.m */ = {isa = PBXFileReference; fileEncoding = 4; lastKnownFileType = sourcecode.c.objc; name = Route.m; path = ../Route.m; sourceTree = "<group>"; };
		9E45279D1AF2D11800723934 /* DataAccessManager.h */ = {isa = PBXFileReference; fileEncoding = 4; lastKnownFileType = sourcecode.c.h; path = DataAccessManager.h; sourceTree = "<group>"; };
		9E45279E1AF2D11800723934 /* DataAccessManager.m */ = {isa = PBXFileReference; fileEncoding = 4; lastKnownFileType = sourcecode.c.objc; path = DataAccessManager.m; sourceTree = "<group>"; };
		9E4527A01AF2D1DE00723934 /* SnippetFilter.h */ = {isa = PBXFileReference; fileEncoding = 4; lastKnownFileType = sourcecode.c.h; path = SnippetFilter.h; sourceTree = "<group>"; };
		9E4527A11AF2D1DE00723934 /* SnippetFilter.m */ = {isa = PBXFileReference; fileEncoding = 4; lastKnownFileType = sourcecode.c.objc; path = SnippetFilter.m; sourceTree = "<group>"; };
		9E4527A31AF2D28700723934 /* Snippet.h */ = {isa = PBXFileReference; fileEncoding = 4; lastKnownFileType = sourcecode.c.h; path = Snippet.h; sourceTree = "<group>"; };
		9E4527A41AF2D28700723934 /* Snippet.m */ = {isa = PBXFileReference; fileEncoding = 4; lastKnownFileType = sourcecode.c.objc; path = Snippet.m; sourceTree = "<group>"; };
/* End PBXFileReference section */

/* Begin PBXFrameworksBuildPhase section */
		2D6C51FF1AF2CC1F002D9BBD /* Frameworks */ = {
			isa = PBXFrameworksBuildPhase;
			buildActionMask = 2147483647;
			files = (
				2D4A81C11AF30B7B0079A54F /* CoreLocation.framework in Frameworks */,
				2D4A81BF1AF30B730079A54F /* MapKit.framework in Frameworks */,
			);
			runOnlyForDeploymentPostprocessing = 0;
		};
		2D6C52181AF2CC1F002D9BBD /* Frameworks */ = {
			isa = PBXFrameworksBuildPhase;
			buildActionMask = 2147483647;
			files = (
			);
			runOnlyForDeploymentPostprocessing = 0;
		};
/* End PBXFrameworksBuildPhase section */

/* Begin PBXGroup section */
		2D4A81A81AF302AF0079A54F /* Map */ = {
			isa = PBXGroup;
			children = (
				2D4A81BB1AF303E70079A54F /* KeyPoint+Annotation.m */,
				2D4A81BC1AF303E70079A54F /* KeyPoint+Annotation.h */,
				2D4A81A91AF3030E0079A54F /* DisplayMapViewController.m */,
				2D4A81AA1AF3030E0079A54F /* DisplayMapViewController.h */,
				2D4A81AB1AF3030E0079A54F /* AnnotationSettingViewController.m */,
				2D4A81AC1AF3030E0079A54F /* CrumbPath.h */,
				2D4A81AD1AF3030E0079A54F /* CrumbPath.m */,
				2D4A81AE1AF3030E0079A54F /* CrumbPathRenderer.h */,
				2D4A81AF1AF3030E0079A54F /* CrumbPathRenderer.m */,
				2D4A81B01AF3030E0079A54F /* AnnotationSettingViewController.h */,
				2D4A81B11AF3030E0079A54F /* ImageScrollViewController.m */,
				2D4A81B21AF3030E0079A54F /* ImageScrollViewController.h */,
				2D4A81C21AF30CCF0079A54F /* RouteViewController.h */,
				2D4A81C31AF30CCF0079A54F /* RouteViewController.m */,
			);
			name = Map;
			sourceTree = "<group>";
		};
		2D6C51F91AF2CC1F002D9BBD = {
			isa = PBXGroup;
			children = (
				2D4A81C01AF30B7B0079A54F /* CoreLocation.framework */,
				2D4A81BE1AF30B730079A54F /* MapKit.framework */,
				2D6C52041AF2CC1F002D9BBD /* Tracker */,
				2D6C521E1AF2CC1F002D9BBD /* TrackerTests */,
				2D6C52031AF2CC1F002D9BBD /* Products */,
			);
			sourceTree = "<group>";
		};
		2D6C52031AF2CC1F002D9BBD /* Products */ = {
			isa = PBXGroup;
			children = (
				2D6C52021AF2CC1F002D9BBD /* Waymore.app */,
				2D6C521B1AF2CC1F002D9BBD /* TrackerTests.xctest */,
			);
			name = Products;
			sourceTree = "<group>";
		};
		2D6C52041AF2CC1F002D9BBD /* Tracker */ = {
			isa = PBXGroup;
			children = (
				6437C9041AF9668B00F910D9 /* Images.xcassets */,
				9E45279C1AF2D02600723934 /* Model */,
				2D6C52091AF2CC1F002D9BBD /* AppDelegate.h */,
				2D6C520A1AF2CC1F002D9BBD /* AppDelegate.m */,
				6437C8FF1AF95EA900F910D9 /* MainUITBC.h */,
				6437C9001AF95EA900F910D9 /* MainUITBC.m */,
				2D6C520C1AF2CC1F002D9BBD /* ViewController.h */,
				2D6C520D1AF2CC1F002D9BBD /* ViewController.m */,
				2D6C520F1AF2CC1F002D9BBD /* Main.storyboard */,
				2D6C52141AF2CC1F002D9BBD /* LaunchScreen.xib */,
				2D4A81A81AF302AF0079A54F /* Map */,
				2D6C52051AF2CC1F002D9BBD /* Supporting Files */,
				9E4527A31AF2D28700723934 /* Snippet.h */,
				9E4527A41AF2D28700723934 /* Snippet.m */,
				9E45279D1AF2D11800723934 /* DataAccessManager.h */,
				9E45279E1AF2D11800723934 /* DataAccessManager.m */,
				9E4527A01AF2D1DE00723934 /* SnippetFilter.h */,
				9E4527A11AF2D1DE00723934 /* SnippetFilter.m */,
			);
			name = Tracker;
			path = Waymore;
			sourceTree = "<group>";
		};
		2D6C52051AF2CC1F002D9BBD /* Supporting Files */ = {
			isa = PBXGroup;
			children = (
				2D6C52061AF2CC1F002D9BBD /* Info.plist */,
				2D6C52071AF2CC1F002D9BBD /* main.m */,
			);
			name = "Supporting Files";
			sourceTree = "<group>";
		};
		2D6C521E1AF2CC1F002D9BBD /* TrackerTests */ = {
			isa = PBXGroup;
			children = (
				2D6C52211AF2CC1F002D9BBD /* WaymoreTests.m */,
				2D6C521F1AF2CC1F002D9BBD /* Supporting Files */,
			);
			name = TrackerTests;
			path = WaymoreTests;
			sourceTree = "<group>";
		};
		2D6C521F1AF2CC1F002D9BBD /* Supporting Files */ = {
			isa = PBXGroup;
			children = (
				2D6C52201AF2CC1F002D9BBD /* Info.plist */,
			);
			name = "Supporting Files";
			sourceTree = "<group>";
		};
		9E45279C1AF2D02600723934 /* Model */ = {
			isa = PBXGroup;
			children = (
				9E4527991AF2D01700723934 /* Route.h */,
				9E45279A1AF2D01700723934 /* Route.m */,
				9E4527961AF2D01700723934 /* MapPoint.h */,
				9E4527971AF2D01700723934 /* MapPoint.m */,
				9E4527931AF2D01700723934 /* Comment.h */,
				9E4527941AF2D01700723934 /* Comment.m */,
				9E4527901AF2D01700723934 /* WaymoreUser.h */,
				9E4527911AF2D01700723934 /* WaymoreUser.m */,
				9E45278D1AF2D01600723934 /* KeyPoint.h */,
				9E45278E1AF2D01600723934 /* KeyPoint.m */,
			);
			name = Model;
			sourceTree = "<group>";
		};
/* End PBXGroup section */

/* Begin PBXNativeTarget section */
		2D6C52011AF2CC1F002D9BBD /* Tracker */ = {
			isa = PBXNativeTarget;
			buildConfigurationList = 2D6C52251AF2CC1F002D9BBD /* Build configuration list for PBXNativeTarget "Tracker" */;
			buildPhases = (
				2D6C51FE1AF2CC1F002D9BBD /* Sources */,
				2D6C51FF1AF2CC1F002D9BBD /* Frameworks */,
				2D6C52001AF2CC1F002D9BBD /* Resources */,
			);
			buildRules = (
			);
			dependencies = (
			);
			name = Tracker;
			productName = Waymore;
			productReference = 2D6C52021AF2CC1F002D9BBD /* Waymore.app */;
			productType = "com.apple.product-type.application";
		};
		2D6C521A1AF2CC1F002D9BBD /* TrackerTests */ = {
			isa = PBXNativeTarget;
			buildConfigurationList = 2D6C52281AF2CC1F002D9BBD /* Build configuration list for PBXNativeTarget "TrackerTests" */;
			buildPhases = (
				2D6C52171AF2CC1F002D9BBD /* Sources */,
				2D6C52181AF2CC1F002D9BBD /* Frameworks */,
				2D6C52191AF2CC1F002D9BBD /* Resources */,
			);
			buildRules = (
			);
			dependencies = (
				2D6C521D1AF2CC1F002D9BBD /* PBXTargetDependency */,
			);
			name = TrackerTests;
			productName = WaymoreTests;
			productReference = 2D6C521B1AF2CC1F002D9BBD /* TrackerTests.xctest */;
			productType = "com.apple.product-type.bundle.unit-test";
		};
/* End PBXNativeTarget section */

/* Begin PBXProject section */
		2D6C51FA1AF2CC1F002D9BBD /* Project object */ = {
			isa = PBXProject;
			attributes = {
				LastUpgradeCheck = 0630;
				ORGANIZATIONNAME = "Waymore Inc.";
				TargetAttributes = {
					2D6C52011AF2CC1F002D9BBD = {
						CreatedOnToolsVersion = 6.3.1;
					};
					2D6C521A1AF2CC1F002D9BBD = {
						CreatedOnToolsVersion = 6.3.1;
						TestTargetID = 2D6C52011AF2CC1F002D9BBD;
					};
				};
			};
			buildConfigurationList = 2D6C51FD1AF2CC1F002D9BBD /* Build configuration list for PBXProject "Tracker" */;
			compatibilityVersion = "Xcode 3.2";
			developmentRegion = English;
			hasScannedForEncodings = 0;
			knownRegions = (
				en,
				Base,
			);
			mainGroup = 2D6C51F91AF2CC1F002D9BBD;
			productRefGroup = 2D6C52031AF2CC1F002D9BBD /* Products */;
			projectDirPath = "";
			projectRoot = "";
			targets = (
				2D6C52011AF2CC1F002D9BBD /* Tracker */,
				2D6C521A1AF2CC1F002D9BBD /* TrackerTests */,
			);
		};
/* End PBXProject section */

/* Begin PBXResourcesBuildPhase section */
		2D6C52001AF2CC1F002D9BBD /* Resources */ = {
			isa = PBXResourcesBuildPhase;
			buildActionMask = 2147483647;
			files = (
				6437C9051AF9668B00F910D9 /* Images.xcassets in Resources */,
				2D6C52111AF2CC1F002D9BBD /* Main.storyboard in Resources */,
				2D6C52161AF2CC1F002D9BBD /* LaunchScreen.xib in Resources */,
			);
			runOnlyForDeploymentPostprocessing = 0;
		};
		2D6C52191AF2CC1F002D9BBD /* Resources */ = {
			isa = PBXResourcesBuildPhase;
			buildActionMask = 2147483647;
			files = (
				6437C9061AF9668B00F910D9 /* Images.xcassets in Resources */,
			);
			runOnlyForDeploymentPostprocessing = 0;
		};
/* End PBXResourcesBuildPhase section */

/* Begin PBXSourcesBuildPhase section */
		2D6C51FE1AF2CC1F002D9BBD /* Sources */ = {
			isa = PBXSourcesBuildPhase;
			buildActionMask = 2147483647;
			files = (
				9E4527951AF2D01700723934 /* Comment.m in Sources */,
				9E4527A21AF2D1DE00723934 /* SnippetFilter.m in Sources */,
				2D4A81B71AF3030E0079A54F /* CrumbPath.m in Sources */,
				6437C9011AF95EA900F910D9 /* MainUITBC.m in Sources */,
				9E45279F1AF2D11800723934 /* DataAccessManager.m in Sources */,
				2D6C520E1AF2CC1F002D9BBD /* ViewController.m in Sources */,
				2D4A81B51AF3030E0079A54F /* DisplayMapViewController.m in Sources */,
				2D6C520B1AF2CC1F002D9BBD /* AppDelegate.m in Sources */,
				9E45279B1AF2D01700723934 /* Route.m in Sources */,
				9E4527921AF2D01700723934 /* WaymoreUser.m in Sources */,
				9E4527981AF2D01700723934 /* MapPoint.m in Sources */,
				2D4A81B81AF3030E0079A54F /* CrumbPathRenderer.m in Sources */,
				2D4A81C41AF30CCF0079A54F /* RouteViewController.m in Sources */,
				2D6C52081AF2CC1F002D9BBD /* main.m in Sources */,
				2D4A81B91AF3030E0079A54F /* ImageScrollViewController.m in Sources */,
				9E45278F1AF2D01600723934 /* KeyPoint.m in Sources */,
				2D4A81BD1AF303E70079A54F /* KeyPoint+Annotation.m in Sources */,
				2D4A81B61AF3030E0079A54F /* AnnotationSettingViewController.m in Sources */,
				9E4527A51AF2D28700723934 /* Snippet.m in Sources */,
			);
			runOnlyForDeploymentPostprocessing = 0;
		};
		2D6C52171AF2CC1F002D9BBD /* Sources */ = {
			isa = PBXSourcesBuildPhase;
			buildActionMask = 2147483647;
			files = (
				6437C9021AF95EA900F910D9 /* MainUITBC.m in Sources */,
				2D6C52221AF2CC1F002D9BBD /* WaymoreTests.m in Sources */,
			);
			runOnlyForDeploymentPostprocessing = 0;
		};
/* End PBXSourcesBuildPhase section */

/* Begin PBXTargetDependency section */
		2D6C521D1AF2CC1F002D9BBD /* PBXTargetDependency */ = {
			isa = PBXTargetDependency;
			target = 2D6C52011AF2CC1F002D9BBD /* Tracker */;
			targetProxy = 2D6C521C1AF2CC1F002D9BBD /* PBXContainerItemProxy */;
		};
/* End PBXTargetDependency section */

/* Begin PBXVariantGroup section */
		2D6C520F1AF2CC1F002D9BBD /* Main.storyboard */ = {
			isa = PBXVariantGroup;
			children = (
				2D6C52101AF2CC1F002D9BBD /* Base */,
			);
			name = Main.storyboard;
			sourceTree = "<group>";
		};
		2D6C52141AF2CC1F002D9BBD /* LaunchScreen.xib */ = {
			isa = PBXVariantGroup;
			children = (
				2D6C52151AF2CC1F002D9BBD /* Base */,
			);
			name = LaunchScreen.xib;
			sourceTree = "<group>";
		};
/* End PBXVariantGroup section */

/* Begin XCBuildConfiguration section */
		2D6C52231AF2CC1F002D9BBD /* Debug */ = {
			isa = XCBuildConfiguration;
			buildSettings = {
				ALWAYS_SEARCH_USER_PATHS = NO;
				CLANG_CXX_LANGUAGE_STANDARD = "gnu++0x";
				CLANG_CXX_LIBRARY = "libc++";
				CLANG_ENABLE_MODULES = YES;
				CLANG_ENABLE_OBJC_ARC = YES;
				CLANG_WARN_BOOL_CONVERSION = YES;
				CLANG_WARN_CONSTANT_CONVERSION = YES;
				CLANG_WARN_DIRECT_OBJC_ISA_USAGE = YES_ERROR;
				CLANG_WARN_EMPTY_BODY = YES;
				CLANG_WARN_ENUM_CONVERSION = YES;
				CLANG_WARN_INT_CONVERSION = YES;
				CLANG_WARN_OBJC_ROOT_CLASS = YES_ERROR;
				CLANG_WARN_UNREACHABLE_CODE = YES;
				CLANG_WARN__DUPLICATE_METHOD_MATCH = YES;
				"CODE_SIGN_IDENTITY[sdk=iphoneos*]" = "iPhone Developer";
				COPY_PHASE_STRIP = NO;
				DEBUG_INFORMATION_FORMAT = "dwarf-with-dsym";
				ENABLE_STRICT_OBJC_MSGSEND = YES;
				GCC_C_LANGUAGE_STANDARD = gnu99;
				GCC_DYNAMIC_NO_PIC = NO;
				GCC_NO_COMMON_BLOCKS = YES;
				GCC_OPTIMIZATION_LEVEL = 0;
				GCC_PREPROCESSOR_DEFINITIONS = (
					"DEBUG=1",
					"$(inherited)",
				);
				GCC_SYMBOLS_PRIVATE_EXTERN = NO;
				GCC_WARN_64_TO_32_BIT_CONVERSION = YES;
				GCC_WARN_ABOUT_RETURN_TYPE = YES_ERROR;
				GCC_WARN_UNDECLARED_SELECTOR = YES;
				GCC_WARN_UNINITIALIZED_AUTOS = YES_AGGRESSIVE;
				GCC_WARN_UNUSED_FUNCTION = YES;
				GCC_WARN_UNUSED_VARIABLE = YES;
				IPHONEOS_DEPLOYMENT_TARGET = 8.3;
				MTL_ENABLE_DEBUG_INFO = YES;
				ONLY_ACTIVE_ARCH = YES;
				SDKROOT = iphoneos;
			};
			name = Debug;
		};
		2D6C52241AF2CC1F002D9BBD /* Release */ = {
			isa = XCBuildConfiguration;
			buildSettings = {
				ALWAYS_SEARCH_USER_PATHS = NO;
				CLANG_CXX_LANGUAGE_STANDARD = "gnu++0x";
				CLANG_CXX_LIBRARY = "libc++";
				CLANG_ENABLE_MODULES = YES;
				CLANG_ENABLE_OBJC_ARC = YES;
				CLANG_WARN_BOOL_CONVERSION = YES;
				CLANG_WARN_CONSTANT_CONVERSION = YES;
				CLANG_WARN_DIRECT_OBJC_ISA_USAGE = YES_ERROR;
				CLANG_WARN_EMPTY_BODY = YES;
				CLANG_WARN_ENUM_CONVERSION = YES;
				CLANG_WARN_INT_CONVERSION = YES;
				CLANG_WARN_OBJC_ROOT_CLASS = YES_ERROR;
				CLANG_WARN_UNREACHABLE_CODE = YES;
				CLANG_WARN__DUPLICATE_METHOD_MATCH = YES;
				"CODE_SIGN_IDENTITY[sdk=iphoneos*]" = "iPhone Developer";
				COPY_PHASE_STRIP = NO;
				DEBUG_INFORMATION_FORMAT = "dwarf-with-dsym";
				ENABLE_NS_ASSERTIONS = NO;
				ENABLE_STRICT_OBJC_MSGSEND = YES;
				GCC_C_LANGUAGE_STANDARD = gnu99;
				GCC_NO_COMMON_BLOCKS = YES;
				GCC_WARN_64_TO_32_BIT_CONVERSION = YES;
				GCC_WARN_ABOUT_RETURN_TYPE = YES_ERROR;
				GCC_WARN_UNDECLARED_SELECTOR = YES;
				GCC_WARN_UNINITIALIZED_AUTOS = YES_AGGRESSIVE;
				GCC_WARN_UNUSED_FUNCTION = YES;
				GCC_WARN_UNUSED_VARIABLE = YES;
				IPHONEOS_DEPLOYMENT_TARGET = 8.3;
				MTL_ENABLE_DEBUG_INFO = NO;
				SDKROOT = iphoneos;
				VALIDATE_PRODUCT = YES;
			};
			name = Release;
		};
		2D6C52261AF2CC1F002D9BBD /* Debug */ = {
			isa = XCBuildConfiguration;
			buildSettings = {
				ASSETCATALOG_COMPILER_APPICON_NAME = AppIcon;
				INFOPLIST_FILE = Waymore/Info.plist;
				IPHONEOS_DEPLOYMENT_TARGET = 8.1;
				LD_RUNPATH_SEARCH_PATHS = "$(inherited) @executable_path/Frameworks";
				PRODUCT_NAME = "$(TARGET_NAME)";
			};
			name = Debug;
		};
		2D6C52271AF2CC1F002D9BBD /* Release */ = {
			isa = XCBuildConfiguration;
			buildSettings = {
				ASSETCATALOG_COMPILER_APPICON_NAME = AppIcon;
				INFOPLIST_FILE = Waymore/Info.plist;
				IPHONEOS_DEPLOYMENT_TARGET = 8.1;
				LD_RUNPATH_SEARCH_PATHS = "$(inherited) @executable_path/Frameworks";
				PRODUCT_NAME = "$(TARGET_NAME)";
			};
			name = Release;
		};
		2D6C52291AF2CC1F002D9BBD /* Debug */ = {
			isa = XCBuildConfiguration;
			buildSettings = {
				BUNDLE_LOADER = "$(TEST_HOST)";
				FRAMEWORK_SEARCH_PATHS = (
					"$(SDKROOT)/Developer/Library/Frameworks",
					"$(inherited)",
				);
				GCC_PREPROCESSOR_DEFINITIONS = (
					"DEBUG=1",
					"$(inherited)",
				);
				INFOPLIST_FILE = WaymoreTests/Info.plist;
				LD_RUNPATH_SEARCH_PATHS = "$(inherited) @executable_path/Frameworks @loader_path/Frameworks";
				PRODUCT_NAME = "$(TARGET_NAME)";
				TEST_HOST = "$(BUILT_PRODUCTS_DIR)/Tracker.app/Tracker";
			};
			name = Debug;
		};
		2D6C522A1AF2CC1F002D9BBD /* Release */ = {
			isa = XCBuildConfiguration;
			buildSettings = {
				BUNDLE_LOADER = "$(TEST_HOST)";
				FRAMEWORK_SEARCH_PATHS = (
					"$(SDKROOT)/Developer/Library/Frameworks",
					"$(inherited)",
				);
				INFOPLIST_FILE = WaymoreTests/Info.plist;
				LD_RUNPATH_SEARCH_PATHS = "$(inherited) @executable_path/Frameworks @loader_path/Frameworks";
				PRODUCT_NAME = "$(TARGET_NAME)";
				TEST_HOST = "$(BUILT_PRODUCTS_DIR)/Tracker.app/Tracker";
			};
			name = Release;
		};
/* End XCBuildConfiguration section */

/* Begin XCConfigurationList section */
		2D6C51FD1AF2CC1F002D9BBD /* Build configuration list for PBXProject "Tracker" */ = {
			isa = XCConfigurationList;
			buildConfigurations = (
				2D6C52231AF2CC1F002D9BBD /* Debug */,
				2D6C52241AF2CC1F002D9BBD /* Release */,
			);
			defaultConfigurationIsVisible = 0;
			defaultConfigurationName = Release;
		};
		2D6C52251AF2CC1F002D9BBD /* Build configuration list for PBXNativeTarget "Tracker" */ = {
			isa = XCConfigurationList;
			buildConfigurations = (
				2D6C52261AF2CC1F002D9BBD /* Debug */,
				2D6C52271AF2CC1F002D9BBD /* Release */,
			);
			defaultConfigurationIsVisible = 0;
			defaultConfigurationName = Release;
		};
		2D6C52281AF2CC1F002D9BBD /* Build configuration list for PBXNativeTarget "TrackerTests" */ = {
			isa = XCConfigurationList;
			buildConfigurations = (
				2D6C52291AF2CC1F002D9BBD /* Debug */,
				2D6C522A1AF2CC1F002D9BBD /* Release */,
			);
			defaultConfigurationIsVisible = 0;
			defaultConfigurationName = Release;
		};
/* End XCConfigurationList section */
	};
	rootObject = 2D6C51FA1AF2CC1F002D9BBD /* Project object */;
}
